# This file is automatically @generated by Cargo.
# It is not intended for manual editing.
version = 4

[[package]]
name = "broken"
version = "0.0.1"

[[package]]
name = "ffiwrap"
version = "0.3.0"

[[package]]
name = "netlib"
version = "0.2.0"

[[package]]
name = "server"
version = "0.1.0"
dependencies = [
 "ffiwrap",
 "netlib",
]
